{
  "object": {
    "pins": [
      {
        "package": "FMake",
        "repositoryURL": "https://github.com/holzschu/FMake",
        "state": {
          "branch": null,
          "revision": "3a69f0650c1dc52afbd50aea303547298c715804",
          "version": "0.0.18"
        }
      }
    ]
  },
  "version": 1
}
